
Microsoft Visual Studio Solution File, Format Version 12.00
# Visual Studio Version 16
VisualStudioVersion = 16.0.30907.101
MinimumVisualStudioVersion = 10.0.40219.1
Project("{9A19103F-16F7-4668-BE54-9A1E7A4F7556}") = "TelemedApi", "Telemed\TelemedApi.csproj", "{02CA3CEC-4869-4B01-BA96-CD46F6CAECEB}"
EndProject
Project("{FAE04EC0-301F-11D3-BF4B-00C04F79EFBC}") = "Utils", "Utils\Utils.csproj", "{2F0324CF-35F4-4C09-B031-EC6A1ECEE91F}"
EndProject
Project("{9A19103F-16F7-4668-BE54-9A1E7A4F7556}") = "TelemedWebApplication", "TelemedWebApplication\TelemedWebApplication.csproj", "{16DFAFAC-FCCD-44DA-B7C8-24BC9A022FBA}"
EndProject
Global
	GlobalSection(SolutionConfigurationPlatforms) = preSolution
		Debug|Any CPU = Debug|Any CPU
		Release|Any CPU = Release|Any CPU
	EndGlobalSection
	GlobalSection(ProjectConfigurationPlatforms) = postSolution
		{02CA3CEC-4869-4B01-BA96-CD46F6CAECEB}.Debug|Any CPU.ActiveCfg = Debug|Any CPU
		{02CA3CEC-4869-4B01-BA96-CD46F6CAECEB}.Debug|Any CPU.Build.0 = Debug|Any CPU
		{02CA3CEC-4869-4B01-BA96-CD46F6CAECEB}.Release|Any CPU.ActiveCfg = Release|Any CPU
		{02CA3CEC-4869-4B01-BA96-CD46F6CAECEB}.Release|Any CPU.Build.0 = Release|Any CPU
		{2F0324CF-35F4-4C09-B031-EC6A1ECEE91F}.Debug|Any CPU.ActiveCfg = Debug|Any CPU
		{2F0324CF-35F4-4C09-B031-EC6A1ECEE91F}.Debug|Any CPU.Build.0 = Debug|Any CPU
		{2F0324CF-35F4-4C09-B031-EC6A1ECEE91F}.Release|Any CPU.ActiveCfg = Release|Any CPU
		{2F0324CF-35F4-4C09-B031-EC6A1ECEE91F}.Release|Any CPU.Build.0 = Release|Any CPU
		{16DFAFAC-FCCD-44DA-B7C8-24BC9A022FBA}.Debug|Any CPU.ActiveCfg = Debug|Any CPU
		{16DFAFAC-FCCD-44DA-B7C8-24BC9A022FBA}.Debug|Any CPU.Build.0 = Debug|Any CPU
		{16DFAFAC-FCCD-44DA-B7C8-24BC9A022FBA}.Release|Any CPU.ActiveCfg = Release|Any CPU
		{16DFAFAC-FCCD-44DA-B7C8-24BC9A022FBA}.Release|Any CPU.Build.0 = Release|Any CPU
	EndGlobalSection
	GlobalSection(SolutionProperties) = preSolution
		HideSolutionNode = FALSE
	EndGlobalSection
	GlobalSection(ExtensibilityGlobals) = postSolution
		SolutionGuid = {4F313647-DA41-4B4C-8BA8-B625F9D3B025}
	EndGlobalSection
EndGlobal
